# This file is autogenerated, do not edit; changes may be undone by the next 'dep ensure'.


[[projects]]
  name = "github.com/corbym/gocrest"
  packages = [".","is","then"]
  revision = "f9449d272153928bfef651d4595590953d34b611"
  version = "v1.0.3"

[[projects]]
  branch = "proto-indexing-test"
  name = "github.com/corbym/gogiven"
  packages = ["base","generator","testdata"]
  revision = "da5a7a4f1df8b3759f81ea120c14459f1994db5c"

[[projects]]
  branch = "master"
  name = "github.com/fatih/camelcase"
  packages = ["."]
  revision = "44e46d280b43ec1531bb25252440e34f1b800b65"

[solve-meta]
  analyzer-name = "dep"
  analyzer-version = 1
  inputs-digest = "9a4a31e57c71b81053f2d2fabf03ff56565d7acb686727b41a2c4f2bf7dad658"
  solver-name = "gps-cdcl"
  solver-version = 1
